
Microsoft Visual Studio Solution File, Format Version 11.00
# Visual Studio 2010
Project("{FAE04EC0-301F-11D3-BF4B-00C04F79EFBC}") = "Assembly-CSharp", "Assembly-CSharp.csproj", "{665388E2-4024-5367-B93F-DB083C7D3F7A}"
EndProject
Project("{FAE04EC0-301F-11D3-BF4B-00C04F79EFBC}") = "Assembly-CSharp-Editor", "Assembly-CSharp-Editor.csproj", "{2EFEA5E4-C78A-2B95-66C0-570CDA40F2A4}"
EndProject
Global
	GlobalSection(SolutionConfigurationPlatforms) = preSolution
		Debug|Any CPU = Debug|Any CPU
		Release|Any CPU = Release|Any CPU
	EndGlobalSection
	GlobalSection(ProjectConfigurationPlatforms) = postSolution
		{665388E2-4024-5367-B93F-DB083C7D3F7A}.Debug|Any CPU.ActiveCfg = Debug|Any CPU
		{665388E2-4024-5367-B93F-DB083C7D3F7A}.Debug|Any CPU.Build.0 = Debug|Any CPU
		{665388E2-4024-5367-B93F-DB083C7D3F7A}.Release|Any CPU.ActiveCfg = Release|Any CPU
		{665388E2-4024-5367-B93F-DB083C7D3F7A}.Release|Any CPU.Build.0 = Release|Any CPU
		{2EFEA5E4-C78A-2B95-66C0-570CDA40F2A4}.Debug|Any CPU.ActiveCfg = Debug|Any CPU
		{2EFEA5E4-C78A-2B95-66C0-570CDA40F2A4}.Debug|Any CPU.Build.0 = Debug|Any CPU
		{2EFEA5E4-C78A-2B95-66C0-570CDA40F2A4}.Release|Any CPU.ActiveCfg = Release|Any CPU
		{2EFEA5E4-C78A-2B95-66C0-570CDA40F2A4}.Release|Any CPU.Build.0 = Release|Any CPU
	EndGlobalSection
	GlobalSection(SolutionProperties) = preSolution
		HideSolutionNode = FALSE
	EndGlobalSection
EndGlobal
